
Microsoft Visual Studio Solution File, Format Version 12.00
# Visual Studio Version 16
VisualStudioVersion = 16.0.32901.82
MinimumVisualStudioVersion = 10.0.40219.1
Project("{FAE04EC0-301F-11D3-BF4B-00C04F79EFBC}") = "Wathclist Netflix", "Wathclist Netflix.csproj", "{2FE3BA43-1AAB-4912-AF4B-073FD0488EFA}"
EndProject
Global
	GlobalSection(SolutionConfigurationPlatforms) = preSolution
		Debug|Any CPU = Debug|Any CPU
		Release|Any CPU = Release|Any CPU
	EndGlobalSection
	GlobalSection(ProjectConfigurationPlatforms) = postSolution
		{2FE3BA43-1AAB-4912-AF4B-073FD0488EFA}.Debug|Any CPU.ActiveCfg = Debug|Any CPU
		{2FE3BA43-1AAB-4912-AF4B-073FD0488EFA}.Debug|Any CPU.Build.0 = Debug|Any CPU
		{2FE3BA43-1AAB-4912-AF4B-073FD0488EFA}.Release|Any CPU.ActiveCfg = Release|Any CPU
		{2FE3BA43-1AAB-4912-AF4B-073FD0488EFA}.Release|Any CPU.Build.0 = Release|Any CPU
	EndGlobalSection
	GlobalSection(SolutionProperties) = preSolution
		HideSolutionNode = FALSE
	EndGlobalSection
	GlobalSection(ExtensibilityGlobals) = postSolution
		SolutionGuid = {94D56DAB-A3EE-4508-B1C0-78AA8054E05F}
	EndGlobalSection
EndGlobal
